
Microsoft Visual Studio Solution File, Format Version 12.00
# Visual Studio Version 17
VisualStudioVersion = 17.12.35527.113 d17.12
MinimumVisualStudioVersion = 10.0.40219.1
Project("{FAE04EC0-301F-11D3-BF4B-00C04F79EFBC}") = "WestWindApp", "WestWindApp.csproj", "{B4B91F75-D1D8-40F6-AEAF-45EF53DA2FE2}"
EndProject
Project("{FAE04EC0-301F-11D3-BF4B-00C04F79EFBC}") = "WestWindSystem", "..\WestWindSystem\WestWindSystem.csproj", "{897117FB-F225-411E-A1E7-BF9814ADE161}"
EndProject
Global
	GlobalSection(SolutionConfigurationPlatforms) = preSolution
		Debug|Any CPU = Debug|Any CPU
		Release|Any CPU = Release|Any CPU
	EndGlobalSection
	GlobalSection(ProjectConfigurationPlatforms) = postSolution
		{B4B91F75-D1D8-40F6-AEAF-45EF53DA2FE2}.Debug|Any CPU.ActiveCfg = Debug|Any CPU
		{B4B91F75-D1D8-40F6-AEAF-45EF53DA2FE2}.Debug|Any CPU.Build.0 = Debug|Any CPU
		{B4B91F75-D1D8-40F6-AEAF-45EF53DA2FE2}.Release|Any CPU.ActiveCfg = Release|Any CPU
		{B4B91F75-D1D8-40F6-AEAF-45EF53DA2FE2}.Release|Any CPU.Build.0 = Release|Any CPU
		{897117FB-F225-411E-A1E7-BF9814ADE161}.Debug|Any CPU.ActiveCfg = Debug|Any CPU
		{897117FB-F225-411E-A1E7-BF9814ADE161}.Debug|Any CPU.Build.0 = Debug|Any CPU
		{897117FB-F225-411E-A1E7-BF9814ADE161}.Release|Any CPU.ActiveCfg = Release|Any CPU
		{897117FB-F225-411E-A1E7-BF9814ADE161}.Release|Any CPU.Build.0 = Release|Any CPU
	EndGlobalSection
	GlobalSection(SolutionProperties) = preSolution
		HideSolutionNode = FALSE
	EndGlobalSection
EndGlobal
